
Microsoft Visual Studio Solution File, Format Version 12.00
# Visual Studio Version 17
VisualStudioVersion = 17.0.31903.59
MinimumVisualStudioVersion = 10.0.40219.1
Project("{2150E333-8FDC-42A3-9474-1A3956D46DE8}") = "src", "src", "{827E0CD3-B72D-47B6-A68D-7590B98EB39B}"
EndProject
Project("{2150E333-8FDC-42A3-9474-1A3956D46DE8}") = "shared", "shared", "{C8E42992-5E42-0C2B-DBFE-AA848D06431C}"
EndProject
Project("{2150E333-8FDC-42A3-9474-1A3956D46DE8}") = "contracts", "contracts", "{7DA348B5-9681-7436-A640-3B972169BAFB}"
EndProject
Project("{2150E333-8FDC-42A3-9474-1A3956D46DE8}") = "dotnet", "dotnet", "{448EA6D4-19FF-36C1-7A5C-62FA34FF3EC9}"
EndProject
Project("{FAE04EC0-301F-11D3-BF4B-00C04F79EFBC}") = "EduEco.Contracts", "src\shared\contracts\dotnet\EduEco.Contracts.csproj", "{AF29DE42-3B55-4E63-B3B3-BD3DF4486E7E}"
EndProject
Project("{2150E333-8FDC-42A3-9474-1A3956D46DE8}") = "tests", "tests", "{0AB3BF05-4346-4AA6-1389-037BE0695223}"
EndProject
Project("{2150E333-8FDC-42A3-9474-1A3956D46DE8}") = "backend", "backend", "{C62EED4C-2AC9-F50F-E0BC-649CFEA98BDB}"
EndProject
Project("{2150E333-8FDC-42A3-9474-1A3956D46DE8}") = "Architecture", "Architecture", "{0CFE6609-3079-7727-B9B0-429741F9AB42}"
EndProject
Project("{FAE04EC0-301F-11D3-BF4B-00C04F79EFBC}") = "ArchitectureTests", "tests\backend\Architecture\ArchitectureTests.csproj", "{96D0C7AD-E447-40C0-BFCC-79081044F268}"
EndProject
Project("{2150E333-8FDC-42A3-9474-1A3956D46DE8}") = "edueco", "edueco", "{462EFB04-5FE8-53E1-9FCD-C8BDBAE681E6}"
EndProject
Project("{2150E333-8FDC-42A3-9474-1A3956D46DE8}") = "BuildingBlocks", "BuildingBlocks", "{12019185-853E-EF28-3436-45628658C64D}"
EndProject
Project("{FAE04EC0-301F-11D3-BF4B-00C04F79EFBC}") = "BuildingBlocks.Domain", "edueco\BuildingBlocks\BuildingBlocks.Domain\BuildingBlocks.Domain.csproj", "{77DA197B-01D2-4C79-8D91-3C75F96FF230}"
EndProject
Project("{FAE04EC0-301F-11D3-BF4B-00C04F79EFBC}") = "BuildingBlocks.Application", "edueco\BuildingBlocks\BuildingBlocks.Application\BuildingBlocks.Application.csproj", "{C2C46570-9781-4C76-85CF-2B2512A3975E}"
EndProject
Project("{FAE04EC0-301F-11D3-BF4B-00C04F79EFBC}") = "BuildingBlocks.Infrastructure", "edueco\BuildingBlocks\BuildingBlocks.Infrastructure\BuildingBlocks.Infrastructure.csproj", "{D823220F-FC29-434E-92A1-097A833E497F}"
EndProject
Project("{FAE04EC0-301F-11D3-BF4B-00C04F79EFBC}") = "BuildingBlocks.Messaging", "edueco\BuildingBlocks\BuildingBlocks.Messaging\BuildingBlocks.Messaging.csproj", "{42822952-1BAB-4288-80B1-C26CE254F659}"
EndProject
Project("{FAE04EC0-301F-11D3-BF4B-00C04F79EFBC}") = "BuildingBlocks.Caching", "edueco\BuildingBlocks\BuildingBlocks.Caching\BuildingBlocks.Caching.csproj", "{6EA018F0-8015-4F73-95F8-DE4433495A71}"
EndProject
Project("{FAE04EC0-301F-11D3-BF4B-00C04F79EFBC}") = "BuildingBlocks.Observability", "edueco\BuildingBlocks\BuildingBlocks.Observability\BuildingBlocks.Observability.csproj", "{55C5146A-32C4-40A3-80C6-9E7AB948DDB1}"
EndProject
Project("{FAE04EC0-301F-11D3-BF4B-00C04F79EFBC}") = "BuildingBlocks.Security", "edueco\BuildingBlocks\BuildingBlocks.Security\BuildingBlocks.Security.csproj", "{C10DC93B-95F6-4D8F-B407-999D8F0AF404}"
EndProject
Global
	GlobalSection(SolutionConfigurationPlatforms) = preSolution
		Debug|Any CPU = Debug|Any CPU
		Debug|x64 = Debug|x64
		Debug|x86 = Debug|x86
		Release|Any CPU = Release|Any CPU
		Release|x64 = Release|x64
		Release|x86 = Release|x86
	EndGlobalSection
	GlobalSection(ProjectConfigurationPlatforms) = postSolution
		{AF29DE42-3B55-4E63-B3B3-BD3DF4486E7E}.Debug|Any CPU.ActiveCfg = Debug|Any CPU
		{AF29DE42-3B55-4E63-B3B3-BD3DF4486E7E}.Debug|Any CPU.Build.0 = Debug|Any CPU
		{AF29DE42-3B55-4E63-B3B3-BD3DF4486E7E}.Debug|x64.ActiveCfg = Debug|Any CPU
		{AF29DE42-3B55-4E63-B3B3-BD3DF4486E7E}.Debug|x64.Build.0 = Debug|Any CPU
		{AF29DE42-3B55-4E63-B3B3-BD3DF4486E7E}.Debug|x86.ActiveCfg = Debug|Any CPU
		{AF29DE42-3B55-4E63-B3B3-BD3DF4486E7E}.Debug|x86.Build.0 = Debug|Any CPU
		{AF29DE42-3B55-4E63-B3B3-BD3DF4486E7E}.Release|Any CPU.ActiveCfg = Release|Any CPU
		{AF29DE42-3B55-4E63-B3B3-BD3DF4486E7E}.Release|Any CPU.Build.0 = Release|Any CPU
		{AF29DE42-3B55-4E63-B3B3-BD3DF4486E7E}.Release|x64.ActiveCfg = Release|Any CPU
		{AF29DE42-3B55-4E63-B3B3-BD3DF4486E7E}.Release|x64.Build.0 = Release|Any CPU
		{AF29DE42-3B55-4E63-B3B3-BD3DF4486E7E}.Release|x86.ActiveCfg = Release|Any CPU
		{AF29DE42-3B55-4E63-B3B3-BD3DF4486E7E}.Release|x86.Build.0 = Release|Any CPU
		{96D0C7AD-E447-40C0-BFCC-79081044F268}.Debug|Any CPU.ActiveCfg = Debug|Any CPU
		{96D0C7AD-E447-40C0-BFCC-79081044F268}.Debug|Any CPU.Build.0 = Debug|Any CPU
		{96D0C7AD-E447-40C0-BFCC-79081044F268}.Debug|x64.ActiveCfg = Debug|Any CPU
		{96D0C7AD-E447-40C0-BFCC-79081044F268}.Debug|x64.Build.0 = Debug|Any CPU
		{96D0C7AD-E447-40C0-BFCC-79081044F268}.Debug|x86.ActiveCfg = Debug|Any CPU
		{96D0C7AD-E447-40C0-BFCC-79081044F268}.Debug|x86.Build.0 = Debug|Any CPU
		{96D0C7AD-E447-40C0-BFCC-79081044F268}.Release|Any CPU.ActiveCfg = Release|Any CPU
		{96D0C7AD-E447-40C0-BFCC-79081044F268}.Release|Any CPU.Build.0 = Release|Any CPU
		{96D0C7AD-E447-40C0-BFCC-79081044F268}.Release|x64.ActiveCfg = Release|Any CPU
		{96D0C7AD-E447-40C0-BFCC-79081044F268}.Release|x64.Build.0 = Release|Any CPU
		{96D0C7AD-E447-40C0-BFCC-79081044F268}.Release|x86.ActiveCfg = Release|Any CPU
		{96D0C7AD-E447-40C0-BFCC-79081044F268}.Release|x86.Build.0 = Release|Any CPU
		{77DA197B-01D2-4C79-8D91-3C75F96FF230}.Debug|Any CPU.ActiveCfg = Debug|Any CPU
		{77DA197B-01D2-4C79-8D91-3C75F96FF230}.Debug|Any CPU.Build.0 = Debug|Any CPU
		{77DA197B-01D2-4C79-8D91-3C75F96FF230}.Debug|x64.ActiveCfg = Debug|Any CPU
		{77DA197B-01D2-4C79-8D91-3C75F96FF230}.Debug|x64.Build.0 = Debug|Any CPU
		{77DA197B-01D2-4C79-8D91-3C75F96FF230}.Debug|x86.ActiveCfg = Debug|Any CPU
		{77DA197B-01D2-4C79-8D91-3C75F96FF230}.Debug|x86.Build.0 = Debug|Any CPU
		{77DA197B-01D2-4C79-8D91-3C75F96FF230}.Release|Any CPU.ActiveCfg = Release|Any CPU
		{77DA197B-01D2-4C79-8D91-3C75F96FF230}.Release|Any CPU.Build.0 = Release|Any CPU
		{77DA197B-01D2-4C79-8D91-3C75F96FF230}.Release|x64.ActiveCfg = Release|Any CPU
		{77DA197B-01D2-4C79-8D91-3C75F96FF230}.Release|x64.Build.0 = Release|Any CPU
		{77DA197B-01D2-4C79-8D91-3C75F96FF230}.Release|x86.ActiveCfg = Release|Any CPU
		{77DA197B-01D2-4C79-8D91-3C75F96FF230}.Release|x86.Build.0 = Release|Any CPU
		{C2C46570-9781-4C76-85CF-2B2512A3975E}.Debug|Any CPU.ActiveCfg = Debug|Any CPU
		{C2C46570-9781-4C76-85CF-2B2512A3975E}.Debug|Any CPU.Build.0 = Debug|Any CPU
		{C2C46570-9781-4C76-85CF-2B2512A3975E}.Debug|x64.ActiveCfg = Debug|Any CPU
		{C2C46570-9781-4C76-85CF-2B2512A3975E}.Debug|x64.Build.0 = Debug|Any CPU
		{C2C46570-9781-4C76-85CF-2B2512A3975E}.Debug|x86.ActiveCfg = Debug|Any CPU
		{C2C46570-9781-4C76-85CF-2B2512A3975E}.Debug|x86.Build.0 = Debug|Any CPU
		{C2C46570-9781-4C76-85CF-2B2512A3975E}.Release|Any CPU.ActiveCfg = Release|Any CPU
		{C2C46570-9781-4C76-85CF-2B2512A3975E}.Release|Any CPU.Build.0 = Release|Any CPU
		{C2C46570-9781-4C76-85CF-2B2512A3975E}.Release|x64.ActiveCfg = Release|Any CPU
		{C2C46570-9781-4C76-85CF-2B2512A3975E}.Release|x64.Build.0 = Release|Any CPU
		{C2C46570-9781-4C76-85CF-2B2512A3975E}.Release|x86.ActiveCfg = Release|Any CPU
		{C2C46570-9781-4C76-85CF-2B2512A3975E}.Release|x86.Build.0 = Release|Any CPU
		{D823220F-FC29-434E-92A1-097A833E497F}.Debug|Any CPU.ActiveCfg = Debug|Any CPU
		{D823220F-FC29-434E-92A1-097A833E497F}.Debug|Any CPU.Build.0 = Debug|Any CPU
		{D823220F-FC29-434E-92A1-097A833E497F}.Debug|x64.ActiveCfg = Debug|Any CPU
		{D823220F-FC29-434E-92A1-097A833E497F}.Debug|x64.Build.0 = Debug|Any CPU
		{D823220F-FC29-434E-92A1-097A833E497F}.Debug|x86.ActiveCfg = Debug|Any CPU
		{D823220F-FC29-434E-92A1-097A833E497F}.Debug|x86.Build.0 = Debug|Any CPU
		{D823220F-FC29-434E-92A1-097A833E497F}.Release|Any CPU.ActiveCfg = Release|Any CPU
		{D823220F-FC29-434E-92A1-097A833E497F}.Release|Any CPU.Build.0 = Release|Any CPU
		{D823220F-FC29-434E-92A1-097A833E497F}.Release|x64.ActiveCfg = Release|Any CPU
		{D823220F-FC29-434E-92A1-097A833E497F}.Release|x64.Build.0 = Release|Any CPU
		{D823220F-FC29-434E-92A1-097A833E497F}.Release|x86.ActiveCfg = Release|Any CPU
		{D823220F-FC29-434E-92A1-097A833E497F}.Release|x86.Build.0 = Release|Any CPU
		{42822952-1BAB-4288-80B1-C26CE254F659}.Debug|Any CPU.ActiveCfg = Debug|Any CPU
		{42822952-1BAB-4288-80B1-C26CE254F659}.Debug|Any CPU.Build.0 = Debug|Any CPU
		{42822952-1BAB-4288-80B1-C26CE254F659}.Debug|x64.ActiveCfg = Debug|Any CPU
		{42822952-1BAB-4288-80B1-C26CE254F659}.Debug|x64.Build.0 = Debug|Any CPU
		{42822952-1BAB-4288-80B1-C26CE254F659}.Debug|x86.ActiveCfg = Debug|Any CPU
		{42822952-1BAB-4288-80B1-C26CE254F659}.Debug|x86.Build.0 = Debug|Any CPU
		{42822952-1BAB-4288-80B1-C26CE254F659}.Release|Any CPU.ActiveCfg = Release|Any CPU
		{42822952-1BAB-4288-80B1-C26CE254F659}.Release|Any CPU.Build.0 = Release|Any CPU
		{42822952-1BAB-4288-80B1-C26CE254F659}.Release|x64.ActiveCfg = Release|Any CPU
		{42822952-1BAB-4288-80B1-C26CE254F659}.Release|x64.Build.0 = Release|Any CPU
		{42822952-1BAB-4288-80B1-C26CE254F659}.Release|x86.ActiveCfg = Release|Any CPU
		{42822952-1BAB-4288-80B1-C26CE254F659}.Release|x86.Build.0 = Release|Any CPU
		{6EA018F0-8015-4F73-95F8-DE4433495A71}.Debug|Any CPU.ActiveCfg = Debug|Any CPU
		{6EA018F0-8015-4F73-95F8-DE4433495A71}.Debug|Any CPU.Build.0 = Debug|Any CPU
		{6EA018F0-8015-4F73-95F8-DE4433495A71}.Debug|x64.ActiveCfg = Debug|Any CPU
		{6EA018F0-8015-4F73-95F8-DE4433495A71}.Debug|x64.Build.0 = Debug|Any CPU
		{6EA018F0-8015-4F73-95F8-DE4433495A71}.Debug|x86.ActiveCfg = Debug|Any CPU
		{6EA018F0-8015-4F73-95F8-DE4433495A71}.Debug|x86.Build.0 = Debug|Any CPU
		{6EA018F0-8015-4F73-95F8-DE4433495A71}.Release|Any CPU.ActiveCfg = Release|Any CPU
		{6EA018F0-8015-4F73-95F8-DE4433495A71}.Release|Any CPU.Build.0 = Release|Any CPU
		{6EA018F0-8015-4F73-95F8-DE4433495A71}.Release|x64.ActiveCfg = Release|Any CPU
		{6EA018F0-8015-4F73-95F8-DE4433495A71}.Release|x64.Build.0 = Release|Any CPU
		{6EA018F0-8015-4F73-95F8-DE4433495A71}.Release|x86.ActiveCfg = Release|Any CPU
		{6EA018F0-8015-4F73-95F8-DE4433495A71}.Release|x86.Build.0 = Release|Any CPU
		{55C5146A-32C4-40A3-80C6-9E7AB948DDB1}.Debug|Any CPU.ActiveCfg = Debug|Any CPU
		{55C5146A-32C4-40A3-80C6-9E7AB948DDB1}.Debug|Any CPU.Build.0 = Debug|Any CPU
		{55C5146A-32C4-40A3-80C6-9E7AB948DDB1}.Debug|x64.ActiveCfg = Debug|Any CPU
		{55C5146A-32C4-40A3-80C6-9E7AB948DDB1}.Debug|x64.Build.0 = Debug|Any CPU
		{55C5146A-32C4-40A3-80C6-9E7AB948DDB1}.Debug|x86.ActiveCfg = Debug|Any CPU
		{55C5146A-32C4-40A3-80C6-9E7AB948DDB1}.Debug|x86.Build.0 = Debug|Any CPU
		{55C5146A-32C4-40A3-80C6-9E7AB948DDB1}.Release|Any CPU.ActiveCfg = Release|Any CPU
		{55C5146A-32C4-40A3-80C6-9E7AB948DDB1}.Release|Any CPU.Build.0 = Release|Any CPU
		{55C5146A-32C4-40A3-80C6-9E7AB948DDB1}.Release|x64.ActiveCfg = Release|Any CPU
		{55C5146A-32C4-40A3-80C6-9E7AB948DDB1}.Release|x64.Build.0 = Release|Any CPU
		{55C5146A-32C4-40A3-80C6-9E7AB948DDB1}.Release|x86.ActiveCfg = Release|Any CPU
		{55C5146A-32C4-40A3-80C6-9E7AB948DDB1}.Release|x86.Build.0 = Release|Any CPU
		{C10DC93B-95F6-4D8F-B407-999D8F0AF404}.Debug|Any CPU.ActiveCfg = Debug|Any CPU
		{C10DC93B-95F6-4D8F-B407-999D8F0AF404}.Debug|Any CPU.Build.0 = Debug|Any CPU
		{C10DC93B-95F6-4D8F-B407-999D8F0AF404}.Debug|x64.ActiveCfg = Debug|Any CPU
		{C10DC93B-95F6-4D8F-B407-999D8F0AF404}.Debug|x64.Build.0 = Debug|Any CPU
		{C10DC93B-95F6-4D8F-B407-999D8F0AF404}.Debug|x86.ActiveCfg = Debug|Any CPU
		{C10DC93B-95F6-4D8F-B407-999D8F0AF404}.Debug|x86.Build.0 = Debug|Any CPU
		{C10DC93B-95F6-4D8F-B407-999D8F0AF404}.Release|Any CPU.ActiveCfg = Release|Any CPU
		{C10DC93B-95F6-4D8F-B407-999D8F0AF404}.Release|Any CPU.Build.0 = Release|Any CPU
		{C10DC93B-95F6-4D8F-B407-999D8F0AF404}.Release|x64.ActiveCfg = Release|Any CPU
		{C10DC93B-95F6-4D8F-B407-999D8F0AF404}.Release|x64.Build.0 = Release|Any CPU
		{C10DC93B-95F6-4D8F-B407-999D8F0AF404}.Release|x86.ActiveCfg = Release|Any CPU
		{C10DC93B-95F6-4D8F-B407-999D8F0AF404}.Release|x86.Build.0 = Release|Any CPU
	EndGlobalSection
	GlobalSection(SolutionProperties) = preSolution
		HideSolutionNode = FALSE
	EndGlobalSection
	GlobalSection(NestedProjects) = preSolution
		{C8E42992-5E42-0C2B-DBFE-AA848D06431C} = {827E0CD3-B72D-47B6-A68D-7590B98EB39B}
		{7DA348B5-9681-7436-A640-3B972169BAFB} = {C8E42992-5E42-0C2B-DBFE-AA848D06431C}
		{448EA6D4-19FF-36C1-7A5C-62FA34FF3EC9} = {7DA348B5-9681-7436-A640-3B972169BAFB}
		{AF29DE42-3B55-4E63-B3B3-BD3DF4486E7E} = {448EA6D4-19FF-36C1-7A5C-62FA34FF3EC9}
		{C62EED4C-2AC9-F50F-E0BC-649CFEA98BDB} = {0AB3BF05-4346-4AA6-1389-037BE0695223}
		{0CFE6609-3079-7727-B9B0-429741F9AB42} = {C62EED4C-2AC9-F50F-E0BC-649CFEA98BDB}
		{96D0C7AD-E447-40C0-BFCC-79081044F268} = {0CFE6609-3079-7727-B9B0-429741F9AB42}
		{12019185-853E-EF28-3436-45628658C64D} = {462EFB04-5FE8-53E1-9FCD-C8BDBAE681E6}
		{77DA197B-01D2-4C79-8D91-3C75F96FF230} = {12019185-853E-EF28-3436-45628658C64D}
		{C2C46570-9781-4C76-85CF-2B2512A3975E} = {12019185-853E-EF28-3436-45628658C64D}
		{D823220F-FC29-434E-92A1-097A833E497F} = {12019185-853E-EF28-3436-45628658C64D}
		{42822952-1BAB-4288-80B1-C26CE254F659} = {12019185-853E-EF28-3436-45628658C64D}
		{6EA018F0-8015-4F73-95F8-DE4433495A71} = {12019185-853E-EF28-3436-45628658C64D}
		{55C5146A-32C4-40A3-80C6-9E7AB948DDB1} = {12019185-853E-EF28-3436-45628658C64D}
		{C10DC93B-95F6-4D8F-B407-999D8F0AF404} = {12019185-853E-EF28-3436-45628658C64D}
	EndGlobalSection
EndGlobal
