
Microsoft Visual Studio Solution File, Format Version 12.00
# Visual Studio Version 17
VisualStudioVersion = 17.0.31903.59
MinimumVisualStudioVersion = 10.0.40219.1
Project("{2150E333-8FDC-42A3-9474-1A3956D46DE8}") = "src", "src", "{827E0CD3-B72D-47B6-A68D-7590B98EB39B}"
EndProject
Project("{2150E333-8FDC-42A3-9474-1A3956D46DE8}") = "backend", "backend", "{FE360695-3F2B-1049-3887-35FBB5135923}"
EndProject
Project("{2150E333-8FDC-42A3-9474-1A3956D46DE8}") = "BuildingBlocks", "BuildingBlocks", "{1F27AE91-AB80-590E-03BE-DC8A6BA540DD}"
EndProject
Project("{FAE04EC0-301F-11D3-BF4B-00C04F79EFBC}") = "BuildingBlocks.Domain", "src\backend\BuildingBlocks\BuildingBlocks.Domain\BuildingBlocks.Domain.csproj", "{52920757-62FF-4D8F-B828-2139EAEE3BC7}"
EndProject
Project("{FAE04EC0-301F-11D3-BF4B-00C04F79EFBC}") = "BuildingBlocks.Application", "src\backend\BuildingBlocks\BuildingBlocks.Application\BuildingBlocks.Application.csproj", "{A0C62D87-E537-4D1F-BD27-4F702594F66F}"
EndProject
Project("{FAE04EC0-301F-11D3-BF4B-00C04F79EFBC}") = "BuildingBlocks.Infrastructure", "src\backend\BuildingBlocks\BuildingBlocks.Infrastructure\BuildingBlocks.Infrastructure.csproj", "{D87322A2-E53D-4DC7-B21B-7E82D8B9A529}"
EndProject
Project("{FAE04EC0-301F-11D3-BF4B-00C04F79EFBC}") = "BuildingBlocks.Messaging", "src\backend\BuildingBlocks\BuildingBlocks.Messaging\BuildingBlocks.Messaging.csproj", "{A120D8B8-08E1-4546-AD32-8F254C96B7B5}"
EndProject
Project("{FAE04EC0-301F-11D3-BF4B-00C04F79EFBC}") = "BuildingBlocks.Caching", "src\backend\BuildingBlocks\BuildingBlocks.Caching\BuildingBlocks.Caching.csproj", "{7D9920CD-E456-4E2C-9F4B-1A557CE5B2F0}"
EndProject
Project("{FAE04EC0-301F-11D3-BF4B-00C04F79EFBC}") = "BuildingBlocks.Observability", "src\backend\BuildingBlocks\BuildingBlocks.Observability\BuildingBlocks.Observability.csproj", "{60820B5B-9765-4A85-AA29-EF9042CBDF72}"
EndProject
Project("{FAE04EC0-301F-11D3-BF4B-00C04F79EFBC}") = "BuildingBlocks.Security", "src\backend\BuildingBlocks\BuildingBlocks.Security\BuildingBlocks.Security.csproj", "{FE77FBAE-68F3-4155-A7AC-09D6D4530F6C}"
EndProject
Project("{2150E333-8FDC-42A3-9474-1A3956D46DE8}") = "shared", "shared", "{C8E42992-5E42-0C2B-DBFE-AA848D06431C}"
EndProject
Project("{2150E333-8FDC-42A3-9474-1A3956D46DE8}") = "contracts", "contracts", "{7DA348B5-9681-7436-A640-3B972169BAFB}"
EndProject
Project("{2150E333-8FDC-42A3-9474-1A3956D46DE8}") = "dotnet", "dotnet", "{448EA6D4-19FF-36C1-7A5C-62FA34FF3EC9}"
EndProject
Project("{FAE04EC0-301F-11D3-BF4B-00C04F79EFBC}") = "EduEco.Contracts", "src\shared\contracts\dotnet\EduEco.Contracts.csproj", "{AF29DE42-3B55-4E63-B3B3-BD3DF4486E7E}"
EndProject
Project("{2150E333-8FDC-42A3-9474-1A3956D46DE8}") = "tests", "tests", "{0AB3BF05-4346-4AA6-1389-037BE0695223}"
EndProject
Project("{2150E333-8FDC-42A3-9474-1A3956D46DE8}") = "backend", "backend", "{C62EED4C-2AC9-F50F-E0BC-649CFEA98BDB}"
EndProject
Project("{2150E333-8FDC-42A3-9474-1A3956D46DE8}") = "Architecture", "Architecture", "{0CFE6609-3079-7727-B9B0-429741F9AB42}"
EndProject
Project("{FAE04EC0-301F-11D3-BF4B-00C04F79EFBC}") = "ArchitectureTests", "tests\backend\Architecture\ArchitectureTests.csproj", "{96D0C7AD-E447-40C0-BFCC-79081044F268}"
EndProject
Global
	GlobalSection(SolutionConfigurationPlatforms) = preSolution
		Debug|Any CPU = Debug|Any CPU
		Debug|x64 = Debug|x64
		Debug|x86 = Debug|x86
		Release|Any CPU = Release|Any CPU
		Release|x64 = Release|x64
		Release|x86 = Release|x86
	EndGlobalSection
	GlobalSection(ProjectConfigurationPlatforms) = postSolution
		{52920757-62FF-4D8F-B828-2139EAEE3BC7}.Debug|Any CPU.ActiveCfg = Debug|Any CPU
		{52920757-62FF-4D8F-B828-2139EAEE3BC7}.Debug|Any CPU.Build.0 = Debug|Any CPU
		{52920757-62FF-4D8F-B828-2139EAEE3BC7}.Debug|x64.ActiveCfg = Debug|Any CPU
		{52920757-62FF-4D8F-B828-2139EAEE3BC7}.Debug|x64.Build.0 = Debug|Any CPU
		{52920757-62FF-4D8F-B828-2139EAEE3BC7}.Debug|x86.ActiveCfg = Debug|Any CPU
		{52920757-62FF-4D8F-B828-2139EAEE3BC7}.Debug|x86.Build.0 = Debug|Any CPU
		{52920757-62FF-4D8F-B828-2139EAEE3BC7}.Release|Any CPU.ActiveCfg = Release|Any CPU
		{52920757-62FF-4D8F-B828-2139EAEE3BC7}.Release|Any CPU.Build.0 = Release|Any CPU
		{52920757-62FF-4D8F-B828-2139EAEE3BC7}.Release|x64.ActiveCfg = Release|Any CPU
		{52920757-62FF-4D8F-B828-2139EAEE3BC7}.Release|x64.Build.0 = Release|Any CPU
		{52920757-62FF-4D8F-B828-2139EAEE3BC7}.Release|x86.ActiveCfg = Release|Any CPU
		{52920757-62FF-4D8F-B828-2139EAEE3BC7}.Release|x86.Build.0 = Release|Any CPU
		{A0C62D87-E537-4D1F-BD27-4F702594F66F}.Debug|Any CPU.ActiveCfg = Debug|Any CPU
		{A0C62D87-E537-4D1F-BD27-4F702594F66F}.Debug|Any CPU.Build.0 = Debug|Any CPU
		{A0C62D87-E537-4D1F-BD27-4F702594F66F}.Debug|x64.ActiveCfg = Debug|Any CPU
		{A0C62D87-E537-4D1F-BD27-4F702594F66F}.Debug|x64.Build.0 = Debug|Any CPU
		{A0C62D87-E537-4D1F-BD27-4F702594F66F}.Debug|x86.ActiveCfg = Debug|Any CPU
		{A0C62D87-E537-4D1F-BD27-4F702594F66F}.Debug|x86.Build.0 = Debug|Any CPU
		{A0C62D87-E537-4D1F-BD27-4F702594F66F}.Release|Any CPU.ActiveCfg = Release|Any CPU
		{A0C62D87-E537-4D1F-BD27-4F702594F66F}.Release|Any CPU.Build.0 = Release|Any CPU
		{A0C62D87-E537-4D1F-BD27-4F702594F66F}.Release|x64.ActiveCfg = Release|Any CPU
		{A0C62D87-E537-4D1F-BD27-4F702594F66F}.Release|x64.Build.0 = Release|Any CPU
		{A0C62D87-E537-4D1F-BD27-4F702594F66F}.Release|x86.ActiveCfg = Release|Any CPU
		{A0C62D87-E537-4D1F-BD27-4F702594F66F}.Release|x86.Build.0 = Release|Any CPU
		{D87322A2-E53D-4DC7-B21B-7E82D8B9A529}.Debug|Any CPU.ActiveCfg = Debug|Any CPU
		{D87322A2-E53D-4DC7-B21B-7E82D8B9A529}.Debug|Any CPU.Build.0 = Debug|Any CPU
		{D87322A2-E53D-4DC7-B21B-7E82D8B9A529}.Debug|x64.ActiveCfg = Debug|Any CPU
		{D87322A2-E53D-4DC7-B21B-7E82D8B9A529}.Debug|x64.Build.0 = Debug|Any CPU
		{D87322A2-E53D-4DC7-B21B-7E82D8B9A529}.Debug|x86.ActiveCfg = Debug|Any CPU
		{D87322A2-E53D-4DC7-B21B-7E82D8B9A529}.Debug|x86.Build.0 = Debug|Any CPU
		{D87322A2-E53D-4DC7-B21B-7E82D8B9A529}.Release|Any CPU.ActiveCfg = Release|Any CPU
		{D87322A2-E53D-4DC7-B21B-7E82D8B9A529}.Release|Any CPU.Build.0 = Release|Any CPU
		{D87322A2-E53D-4DC7-B21B-7E82D8B9A529}.Release|x64.ActiveCfg = Release|Any CPU
		{D87322A2-E53D-4DC7-B21B-7E82D8B9A529}.Release|x64.Build.0 = Release|Any CPU
		{D87322A2-E53D-4DC7-B21B-7E82D8B9A529}.Release|x86.ActiveCfg = Release|Any CPU
		{D87322A2-E53D-4DC7-B21B-7E82D8B9A529}.Release|x86.Build.0 = Release|Any CPU
		{A120D8B8-08E1-4546-AD32-8F254C96B7B5}.Debug|Any CPU.ActiveCfg = Debug|Any CPU
		{A120D8B8-08E1-4546-AD32-8F254C96B7B5}.Debug|Any CPU.Build.0 = Debug|Any CPU
		{A120D8B8-08E1-4546-AD32-8F254C96B7B5}.Debug|x64.ActiveCfg = Debug|Any CPU
		{A120D8B8-08E1-4546-AD32-8F254C96B7B5}.Debug|x64.Build.0 = Debug|Any CPU
		{A120D8B8-08E1-4546-AD32-8F254C96B7B5}.Debug|x86.ActiveCfg = Debug|Any CPU
		{A120D8B8-08E1-4546-AD32-8F254C96B7B5}.Debug|x86.Build.0 = Debug|Any CPU
		{A120D8B8-08E1-4546-AD32-8F254C96B7B5}.Release|Any CPU.ActiveCfg = Release|Any CPU
		{A120D8B8-08E1-4546-AD32-8F254C96B7B5}.Release|Any CPU.Build.0 = Release|Any CPU
		{A120D8B8-08E1-4546-AD32-8F254C96B7B5}.Release|x64.ActiveCfg = Release|Any CPU
		{A120D8B8-08E1-4546-AD32-8F254C96B7B5}.Release|x64.Build.0 = Release|Any CPU
		{A120D8B8-08E1-4546-AD32-8F254C96B7B5}.Release|x86.ActiveCfg = Release|Any CPU
		{A120D8B8-08E1-4546-AD32-8F254C96B7B5}.Release|x86.Build.0 = Release|Any CPU
		{7D9920CD-E456-4E2C-9F4B-1A557CE5B2F0}.Debug|Any CPU.ActiveCfg = Debug|Any CPU
		{7D9920CD-E456-4E2C-9F4B-1A557CE5B2F0}.Debug|Any CPU.Build.0 = Debug|Any CPU
		{7D9920CD-E456-4E2C-9F4B-1A557CE5B2F0}.Debug|x64.ActiveCfg = Debug|Any CPU
		{7D9920CD-E456-4E2C-9F4B-1A557CE5B2F0}.Debug|x64.Build.0 = Debug|Any CPU
		{7D9920CD-E456-4E2C-9F4B-1A557CE5B2F0}.Debug|x86.ActiveCfg = Debug|Any CPU
		{7D9920CD-E456-4E2C-9F4B-1A557CE5B2F0}.Debug|x86.Build.0 = Debug|Any CPU
		{7D9920CD-E456-4E2C-9F4B-1A557CE5B2F0}.Release|Any CPU.ActiveCfg = Release|Any CPU
		{7D9920CD-E456-4E2C-9F4B-1A557CE5B2F0}.Release|Any CPU.Build.0 = Release|Any CPU
		{7D9920CD-E456-4E2C-9F4B-1A557CE5B2F0}.Release|x64.ActiveCfg = Release|Any CPU
		{7D9920CD-E456-4E2C-9F4B-1A557CE5B2F0}.Release|x64.Build.0 = Release|Any CPU
		{7D9920CD-E456-4E2C-9F4B-1A557CE5B2F0}.Release|x86.ActiveCfg = Release|Any CPU
		{7D9920CD-E456-4E2C-9F4B-1A557CE5B2F0}.Release|x86.Build.0 = Release|Any CPU
		{60820B5B-9765-4A85-AA29-EF9042CBDF72}.Debug|Any CPU.ActiveCfg = Debug|Any CPU
		{60820B5B-9765-4A85-AA29-EF9042CBDF72}.Debug|Any CPU.Build.0 = Debug|Any CPU
		{60820B5B-9765-4A85-AA29-EF9042CBDF72}.Debug|x64.ActiveCfg = Debug|Any CPU
		{60820B5B-9765-4A85-AA29-EF9042CBDF72}.Debug|x64.Build.0 = Debug|Any CPU
		{60820B5B-9765-4A85-AA29-EF9042CBDF72}.Debug|x86.ActiveCfg = Debug|Any CPU
		{60820B5B-9765-4A85-AA29-EF9042CBDF72}.Debug|x86.Build.0 = Debug|Any CPU
		{60820B5B-9765-4A85-AA29-EF9042CBDF72}.Release|Any CPU.ActiveCfg = Release|Any CPU
		{60820B5B-9765-4A85-AA29-EF9042CBDF72}.Release|Any CPU.Build.0 = Release|Any CPU
		{60820B5B-9765-4A85-AA29-EF9042CBDF72}.Release|x64.ActiveCfg = Release|Any CPU
		{60820B5B-9765-4A85-AA29-EF9042CBDF72}.Release|x64.Build.0 = Release|Any CPU
		{60820B5B-9765-4A85-AA29-EF9042CBDF72}.Release|x86.ActiveCfg = Release|Any CPU
		{60820B5B-9765-4A85-AA29-EF9042CBDF72}.Release|x86.Build.0 = Release|Any CPU
		{FE77FBAE-68F3-4155-A7AC-09D6D4530F6C}.Debug|Any CPU.ActiveCfg = Debug|Any CPU
		{FE77FBAE-68F3-4155-A7AC-09D6D4530F6C}.Debug|Any CPU.Build.0 = Debug|Any CPU
		{FE77FBAE-68F3-4155-A7AC-09D6D4530F6C}.Debug|x64.ActiveCfg = Debug|Any CPU
		{FE77FBAE-68F3-4155-A7AC-09D6D4530F6C}.Debug|x64.Build.0 = Debug|Any CPU
		{FE77FBAE-68F3-4155-A7AC-09D6D4530F6C}.Debug|x86.ActiveCfg = Debug|Any CPU
		{FE77FBAE-68F3-4155-A7AC-09D6D4530F6C}.Debug|x86.Build.0 = Debug|Any CPU
		{FE77FBAE-68F3-4155-A7AC-09D6D4530F6C}.Release|Any CPU.ActiveCfg = Release|Any CPU
		{FE77FBAE-68F3-4155-A7AC-09D6D4530F6C}.Release|Any CPU.Build.0 = Release|Any CPU
		{FE77FBAE-68F3-4155-A7AC-09D6D4530F6C}.Release|x64.ActiveCfg = Release|Any CPU
		{FE77FBAE-68F3-4155-A7AC-09D6D4530F6C}.Release|x64.Build.0 = Release|Any CPU
		{FE77FBAE-68F3-4155-A7AC-09D6D4530F6C}.Release|x86.ActiveCfg = Release|Any CPU
		{FE77FBAE-68F3-4155-A7AC-09D6D4530F6C}.Release|x86.Build.0 = Release|Any CPU
		{AF29DE42-3B55-4E63-B3B3-BD3DF4486E7E}.Debug|Any CPU.ActiveCfg = Debug|Any CPU
		{AF29DE42-3B55-4E63-B3B3-BD3DF4486E7E}.Debug|Any CPU.Build.0 = Debug|Any CPU
		{AF29DE42-3B55-4E63-B3B3-BD3DF4486E7E}.Debug|x64.ActiveCfg = Debug|Any CPU
		{AF29DE42-3B55-4E63-B3B3-BD3DF4486E7E}.Debug|x64.Build.0 = Debug|Any CPU
		{AF29DE42-3B55-4E63-B3B3-BD3DF4486E7E}.Debug|x86.ActiveCfg = Debug|Any CPU
		{AF29DE42-3B55-4E63-B3B3-BD3DF4486E7E}.Debug|x86.Build.0 = Debug|Any CPU
		{AF29DE42-3B55-4E63-B3B3-BD3DF4486E7E}.Release|Any CPU.ActiveCfg = Release|Any CPU
		{AF29DE42-3B55-4E63-B3B3-BD3DF4486E7E}.Release|Any CPU.Build.0 = Release|Any CPU
		{AF29DE42-3B55-4E63-B3B3-BD3DF4486E7E}.Release|x64.ActiveCfg = Release|Any CPU
		{AF29DE42-3B55-4E63-B3B3-BD3DF4486E7E}.Release|x64.Build.0 = Release|Any CPU
		{AF29DE42-3B55-4E63-B3B3-BD3DF4486E7E}.Release|x86.ActiveCfg = Release|Any CPU
		{AF29DE42-3B55-4E63-B3B3-BD3DF4486E7E}.Release|x86.Build.0 = Release|Any CPU
		{96D0C7AD-E447-40C0-BFCC-79081044F268}.Debug|Any CPU.ActiveCfg = Debug|Any CPU
		{96D0C7AD-E447-40C0-BFCC-79081044F268}.Debug|Any CPU.Build.0 = Debug|Any CPU
		{96D0C7AD-E447-40C0-BFCC-79081044F268}.Debug|x64.ActiveCfg = Debug|Any CPU
		{96D0C7AD-E447-40C0-BFCC-79081044F268}.Debug|x64.Build.0 = Debug|Any CPU
		{96D0C7AD-E447-40C0-BFCC-79081044F268}.Debug|x86.ActiveCfg = Debug|Any CPU
		{96D0C7AD-E447-40C0-BFCC-79081044F268}.Debug|x86.Build.0 = Debug|Any CPU
		{96D0C7AD-E447-40C0-BFCC-79081044F268}.Release|Any CPU.ActiveCfg = Release|Any CPU
		{96D0C7AD-E447-40C0-BFCC-79081044F268}.Release|Any CPU.Build.0 = Release|Any CPU
		{96D0C7AD-E447-40C0-BFCC-79081044F268}.Release|x64.ActiveCfg = Release|Any CPU
		{96D0C7AD-E447-40C0-BFCC-79081044F268}.Release|x64.Build.0 = Release|Any CPU
		{96D0C7AD-E447-40C0-BFCC-79081044F268}.Release|x86.ActiveCfg = Release|Any CPU
		{96D0C7AD-E447-40C0-BFCC-79081044F268}.Release|x86.Build.0 = Release|Any CPU
	EndGlobalSection
	GlobalSection(SolutionProperties) = preSolution
		HideSolutionNode = FALSE
	EndGlobalSection
	GlobalSection(NestedProjects) = preSolution
		{FE360695-3F2B-1049-3887-35FBB5135923} = {827E0CD3-B72D-47B6-A68D-7590B98EB39B}
		{1F27AE91-AB80-590E-03BE-DC8A6BA540DD} = {FE360695-3F2B-1049-3887-35FBB5135923}
		{52920757-62FF-4D8F-B828-2139EAEE3BC7} = {1F27AE91-AB80-590E-03BE-DC8A6BA540DD}
		{A0C62D87-E537-4D1F-BD27-4F702594F66F} = {1F27AE91-AB80-590E-03BE-DC8A6BA540DD}
		{D87322A2-E53D-4DC7-B21B-7E82D8B9A529} = {1F27AE91-AB80-590E-03BE-DC8A6BA540DD}
		{A120D8B8-08E1-4546-AD32-8F254C96B7B5} = {1F27AE91-AB80-590E-03BE-DC8A6BA540DD}
		{7D9920CD-E456-4E2C-9F4B-1A557CE5B2F0} = {1F27AE91-AB80-590E-03BE-DC8A6BA540DD}
		{60820B5B-9765-4A85-AA29-EF9042CBDF72} = {1F27AE91-AB80-590E-03BE-DC8A6BA540DD}
		{FE77FBAE-68F3-4155-A7AC-09D6D4530F6C} = {1F27AE91-AB80-590E-03BE-DC8A6BA540DD}
		{C8E42992-5E42-0C2B-DBFE-AA848D06431C} = {827E0CD3-B72D-47B6-A68D-7590B98EB39B}
		{7DA348B5-9681-7436-A640-3B972169BAFB} = {C8E42992-5E42-0C2B-DBFE-AA848D06431C}
		{448EA6D4-19FF-36C1-7A5C-62FA34FF3EC9} = {7DA348B5-9681-7436-A640-3B972169BAFB}
		{AF29DE42-3B55-4E63-B3B3-BD3DF4486E7E} = {448EA6D4-19FF-36C1-7A5C-62FA34FF3EC9}
		{C62EED4C-2AC9-F50F-E0BC-649CFEA98BDB} = {0AB3BF05-4346-4AA6-1389-037BE0695223}
		{0CFE6609-3079-7727-B9B0-429741F9AB42} = {C62EED4C-2AC9-F50F-E0BC-649CFEA98BDB}
		{96D0C7AD-E447-40C0-BFCC-79081044F268} = {0CFE6609-3079-7727-B9B0-429741F9AB42}
	EndGlobalSection
EndGlobal
